// !$*UTF8*$!
{
	archiveVersion = 1;
	classes = {
	};
	objectVersion = 46;
	objects = {

/* Begin PBXBuildFile section */
		36F2B71D1A9D0469007D8896 /* main.m in Sources */ = {isa = PBXBuildFile; fileRef = 36F2B71C1A9D0469007D8896 /* main.m */; };
		36F2B7201A9D0469007D8896 /* AppDelegate.m in Sources */ = {isa = PBXBuildFile; fileRef = 36F2B71F1A9D0469007D8896 /* AppDelegate.m */; };
		36F2B7231A9D0469007D8896 /* GameScene.m in Sources */ = {isa = PBXBuildFile; fileRef = 36F2B7221A9D0469007D8896 /* GameScene.m */; };
		36F2B7251A9D0469007D8896 /* GameScene.sks in Resources */ = {isa = PBXBuildFile; fileRef = 36F2B7241A9D0469007D8896 /* GameScene.sks */; };
		36F2B7281A9D0469007D8896 /* GameViewController.m in Sources */ = {isa = PBXBuildFile; fileRef = 36F2B7271A9D0469007D8896 /* GameViewController.m */; };
		36F2B72B1A9D0469007D8896 /* Main.storyboard in Resources */ = {isa = PBXBuildFile; fileRef = 36F2B7291A9D0469007D8896 /* Main.storyboard */; };
		36F2B72D1A9D046A007D8896 /* Images.xcassets in Resources */ = {isa = PBXBuildFile; fileRef = 36F2B72C1A9D046A007D8896 /* Images.xcassets */; };
		36F2B7301A9D046A007D8896 /* LaunchScreen.xib in Resources */ = {isa = PBXBuildFile; fileRef = 36F2B72E1A9D046A007D8896 /* LaunchScreen.xib */; };
		36F2B73C1A9D046A007D8896 /* BumperButtonIOSTests.m in Sources */ = {isa = PBXBuildFile; fileRef = 36F2B73B1A9D046A007D8896 /* BumperButtonIOSTests.m */; };
		36F2B74C1A9D0DE1007D8896 /* BumperButton.m in Sources */ = {isa = PBXBuildFile; fileRef = 36F2B74B1A9D0DE1007D8896 /* BumperButton.m */; };
/* End PBXBuildFile section */

/* Begin PBXContainerItemProxy section */
		36F2B7361A9D046A007D8896 /* PBXContainerItemProxy */ = {
			isa = PBXContainerItemProxy;
			containerPortal = 36F2B70F1A9D0469007D8896 /* Project object */;
			proxyType = 1;
			remoteGlobalIDString = 36F2B7161A9D0469007D8896;
			remoteInfo = BumperButtonIOS;
		};
/* End PBXContainerItemProxy section */

/* Begin PBXFileReference section */
		36F2B7171A9D0469007D8896 /* BumperButtonIOS.app */ = {isa = PBXFileReference; explicitFileType = wrapper.application; includeInIndex = 0; path = BumperButtonIOS.app; sourceTree = BUILT_PRODUCTS_DIR; };
		36F2B71B1A9D0469007D8896 /* Info.plist */ = {isa = PBXFileReference; lastKnownFileType = text.plist.xml; path = Info.plist; sourceTree = "<group>"; };
		36F2B71C1A9D0469007D8896 /* main.m */ = {isa = PBXFileReference; lastKnownFileType = sourcecode.c.objc; path = main.m; sourceTree = "<group>"; };
		36F2B71E1A9D0469007D8896 /* AppDelegate.h */ = {isa = PBXFileReference; lastKnownFileType = sourcecode.c.h; path = AppDelegate.h; sourceTree = "<group>"; };
		36F2B71F1A9D0469007D8896 /* AppDelegate.m */ = {isa = PBXFileReference; lastKnownFileType = sourcecode.c.objc; path = AppDelegate.m; sourceTree = "<group>"; };
		36F2B7211A9D0469007D8896 /* GameScene.h */ = {isa = PBXFileReference; lastKnownFileType = sourcecode.c.h; path = GameScene.h; sourceTree = "<group>"; };
		36F2B7221A9D0469007D8896 /* GameScene.m */ = {isa = PBXFileReference; lastKnownFileType = sourcecode.c.objc; path = GameScene.m; sourceTree = "<group>"; };
		36F2B7241A9D0469007D8896 /* GameScene.sks */ = {isa = PBXFileReference; lastKnownFileType = file.sks; path = GameScene.sks; sourceTree = "<group>"; };
		36F2B7261A9D0469007D8896 /* GameViewController.h */ = {isa = PBXFileReference; lastKnownFileType = sourcecode.c.h; path = GameViewController.h; sourceTree = "<group>"; };
		36F2B7271A9D0469007D8896 /* GameViewController.m */ = {isa = PBXFileReference; lastKnownFileType = sourcecode.c.objc; path = GameViewController.m; sourceTree = "<group>"; };
		36F2B72A1A9D0469007D8896 /* Base */ = {isa = PBXFileReference; lastKnownFileType = file.storyboard; name = Base; path = Base.lproj/Main.storyboard; sourceTree = "<group>"; };
		36F2B72C1A9D046A007D8896 /* Images.xcassets */ = {isa = PBXFileReference; lastKnownFileType = folder.assetcatalog; path = Images.xcassets; sourceTree = "<group>"; };
		36F2B72F1A9D046A007D8896 /* Base */ = {isa = PBXFileReference; lastKnownFileType = file.xib; name = Base; path = Base.lproj/LaunchScreen.xib; sourceTree = "<group>"; };
		36F2B7351A9D046A007D8896 /* BumperButtonIOSTests.xctest */ = {isa = PBXFileReference; explicitFileType = wrapper.cfbundle; includeInIndex = 0; path = BumperButtonIOSTests.xctest; sourceTree = BUILT_PRODUCTS_DIR; };
		36F2B73A1A9D046A007D8896 /* Info.plist */ = {isa = PBXFileReference; lastKnownFileType = text.plist.xml; path = Info.plist; sourceTree = "<group>"; };
		36F2B73B1A9D046A007D8896 /* BumperButtonIOSTests.m */ = {isa = PBXFileReference; lastKnownFileType = sourcecode.c.objc; path = BumperButtonIOSTests.m; sourceTree = "<group>"; };
		36F2B74A1A9D0DE1007D8896 /* BumperButton.h */ = {isa = PBXFileReference; fileEncoding = 4; lastKnownFileType = sourcecode.c.h; path = BumperButton.h; sourceTree = "<group>"; };
		36F2B74B1A9D0DE1007D8896 /* BumperButton.m */ = {isa = PBXFileReference; fileEncoding = 4; lastKnownFileType = sourcecode.c.objc; path = BumperButton.m; sourceTree = "<group>"; };
/* End PBXFileReference section */

/* Begin PBXFrameworksBuildPhase section */
		36F2B7141A9D0469007D8896 /* Frameworks */ = {
			isa = PBXFrameworksBuildPhase;
			buildActionMask = 2147483647;
			files = (
			);
			runOnlyForDeploymentPostprocessing = 0;
		};
		36F2B7321A9D046A007D8896 /* Frameworks */ = {
			isa = PBXFrameworksBuildPhase;
			buildActionMask = 2147483647;
			files = (
			);
			runOnlyForDeploymentPostprocessing = 0;
		};
/* End PBXFrameworksBuildPhase section */

/* Begin PBXGroup section */
		36F2B70E1A9D0469007D8896 = {
			isa = PBXGroup;
			children = (
				36F2B7191A9D0469007D8896 /* BumperButtonIOS */,
				36F2B7381A9D046A007D8896 /* BumperButtonIOSTests */,
				36F2B7181A9D0469007D8896 /* Products */,
			);
			sourceTree = "<group>";
		};
		36F2B7181A9D0469007D8896 /* Products */ = {
			isa = PBXGroup;
			children = (
				36F2B7171A9D0469007D8896 /* BumperButtonIOS.app */,
				36F2B7351A9D046A007D8896 /* BumperButtonIOSTests.xctest */,
			);
			name = Products;
			sourceTree = "<group>";
		};
		36F2B7191A9D0469007D8896 /* BumperButtonIOS */ = {
			isa = PBXGroup;
			children = (
				36F2B7461A9D04FF007D8896 /* BumperButton */,
				36F2B71E1A9D0469007D8896 /* AppDelegate.h */,
				36F2B71F1A9D0469007D8896 /* AppDelegate.m */,
				36F2B7211A9D0469007D8896 /* GameScene.h */,
				36F2B7221A9D0469007D8896 /* GameScene.m */,
				36F2B7241A9D0469007D8896 /* GameScene.sks */,
				36F2B7261A9D0469007D8896 /* GameViewController.h */,
				36F2B7271A9D0469007D8896 /* GameViewController.m */,
				36F2B7291A9D0469007D8896 /* Main.storyboard */,
				36F2B72C1A9D046A007D8896 /* Images.xcassets */,
				36F2B72E1A9D046A007D8896 /* LaunchScreen.xib */,
				36F2B71A1A9D0469007D8896 /* Supporting Files */,
			);
			path = BumperButtonIOS;
			sourceTree = "<group>";
		};
		36F2B71A1A9D0469007D8896 /* Supporting Files */ = {
			isa = PBXGroup;
			children = (
				36F2B71B1A9D0469007D8896 /* Info.plist */,
				36F2B71C1A9D0469007D8896 /* main.m */,
			);
			name = "Supporting Files";
			sourceTree = "<group>";
		};
		36F2B7381A9D046A007D8896 /* BumperButtonIOSTests */ = {
			isa = PBXGroup;
			children = (
				36F2B73B1A9D046A007D8896 /* BumperButtonIOSTests.m */,
				36F2B7391A9D046A007D8896 /* Supporting Files */,
			);
			path = BumperButtonIOSTests;
			sourceTree = "<group>";
		};
		36F2B7391A9D046A007D8896 /* Supporting Files */ = {
			isa = PBXGroup;
			children = (
				36F2B73A1A9D046A007D8896 /* Info.plist */,
			);
			name = "Supporting Files";
			sourceTree = "<group>";
		};
		36F2B7461A9D04FF007D8896 /* BumperButton */ = {
			isa = PBXGroup;
			children = (
				36F2B74A1A9D0DE1007D8896 /* BumperButton.h */,
				36F2B74B1A9D0DE1007D8896 /* BumperButton.m */,
			);
			name = BumperButton;
			sourceTree = "<group>";
		};
/* End PBXGroup section */

/* Begin PBXNativeTarget section */
		36F2B7161A9D0469007D8896 /* BumperButtonIOS */ = {
			isa = PBXNativeTarget;
			buildConfigurationList = 36F2B73F1A9D046A007D8896 /* Build configuration list for PBXNativeTarget "BumperButtonIOS" */;
			buildPhases = (
				36F2B7131A9D0469007D8896 /* Sources */,
				36F2B7141A9D0469007D8896 /* Frameworks */,
				36F2B7151A9D0469007D8896 /* Resources */,
			);
			buildRules = (
			);
			dependencies = (
			);
			name = BumperButtonIOS;
			productName = BumperButtonIOS;
			productReference = 36F2B7171A9D0469007D8896 /* BumperButtonIOS.app */;
			productType = "com.apple.product-type.application";
		};
		36F2B7341A9D046A007D8896 /* BumperButtonIOSTests */ = {
			isa = PBXNativeTarget;
			buildConfigurationList = 36F2B7421A9D046A007D8896 /* Build configuration list for PBXNativeTarget "BumperButtonIOSTests" */;
			buildPhases = (
				36F2B7311A9D046A007D8896 /* Sources */,
				36F2B7321A9D046A007D8896 /* Frameworks */,
				36F2B7331A9D046A007D8896 /* Resources */,
			);
			buildRules = (
			);
			dependencies = (
				36F2B7371A9D046A007D8896 /* PBXTargetDependency */,
			);
			name = BumperButtonIOSTests;
			productName = BumperButtonIOSTests;
			productReference = 36F2B7351A9D046A007D8896 /* BumperButtonIOSTests.xctest */;
			productType = "com.apple.product-type.bundle.unit-test";
		};
/* End PBXNativeTarget section */

/* Begin PBXProject section */
		36F2B70F1A9D0469007D8896 /* Project object */ = {
			isa = PBXProject;
			attributes = {
				LastUpgradeCheck = 0610;
				ORGANIZATIONNAME = Joshua;
				TargetAttributes = {
					36F2B7161A9D0469007D8896 = {
						CreatedOnToolsVersion = 6.1.1;
					};
					36F2B7341A9D046A007D8896 = {
						CreatedOnToolsVersion = 6.1.1;
						TestTargetID = 36F2B7161A9D0469007D8896;
					};
				};
			};
			buildConfigurationList = 36F2B7121A9D0469007D8896 /* Build configuration list for PBXProject "BumperButtonIOS" */;
			compatibilityVersion = "Xcode 3.2";
			developmentRegion = English;
			hasScannedForEncodings = 0;
			knownRegions = (
				en,
				Base,
			);
			mainGroup = 36F2B70E1A9D0469007D8896;
			productRefGroup = 36F2B7181A9D0469007D8896 /* Products */;
			projectDirPath = "";
			projectRoot = "";
			targets = (
				36F2B7161A9D0469007D8896 /* BumperButtonIOS */,
				36F2B7341A9D046A007D8896 /* BumperButtonIOSTests */,
			);
		};
/* End PBXProject section */

/* Begin PBXResourcesBuildPhase section */
		36F2B7151A9D0469007D8896 /* Resources */ = {
			isa = PBXResourcesBuildPhase;
			buildActionMask = 2147483647;
			files = (
				36F2B7301A9D046A007D8896 /* LaunchScreen.xib in Resources */,
				36F2B72D1A9D046A007D8896 /* Images.xcassets in Resources */,
				36F2B7251A9D0469007D8896 /* GameScene.sks in Resources */,
				36F2B72B1A9D0469007D8896 /* Main.storyboard in Resources */,
			);
			runOnlyForDeploymentPostprocessing = 0;
		};
		36F2B7331A9D046A007D8896 /* Resources */ = {
			isa = PBXResourcesBuildPhase;
			buildActionMask = 2147483647;
			files = (
			);
			runOnlyForDeploymentPostprocessing = 0;
		};
/* End PBXResourcesBuildPhase section */

/* Begin PBXSourcesBuildPhase section */
		36F2B7131A9D0469007D8896 /* Sources */ = {
			isa = PBXSourcesBuildPhase;
			buildActionMask = 2147483647;
			files = (
				36F2B74C1A9D0DE1007D8896 /* BumperButton.m in Sources */,
				36F2B7281A9D0469007D8896 /* GameViewController.m in Sources */,
				36F2B7201A9D0469007D8896 /* AppDelegate.m in Sources */,
				36F2B7231A9D0469007D8896 /* GameScene.m in Sources */,
				36F2B71D1A9D0469007D8896 /* main.m in Sources */,
			);
			runOnlyForDeploymentPostprocessing = 0;
		};
		36F2B7311A9D046A007D8896 /* Sources */ = {
			isa = PBXSourcesBuildPhase;
			buildActionMask = 2147483647;
			files = (
				36F2B73C1A9D046A007D8896 /* BumperButtonIOSTests.m in Sources */,
			);
			runOnlyForDeploymentPostprocessing = 0;
		};
/* End PBXSourcesBuildPhase section */

/* Begin PBXTargetDependency section */
		36F2B7371A9D046A007D8896 /* PBXTargetDependency */ = {
			isa = PBXTargetDependency;
			target = 36F2B7161A9D0469007D8896 /* BumperButtonIOS */;
			targetProxy = 36F2B7361A9D046A007D8896 /* PBXContainerItemProxy */;
		};
/* End PBXTargetDependency section */

/* Begin PBXVariantGroup section */
		36F2B7291A9D0469007D8896 /* Main.storyboard */ = {
			isa = PBXVariantGroup;
			children = (
				36F2B72A1A9D0469007D8896 /* Base */,
			);
			name = Main.storyboard;
			sourceTree = "<group>";
		};
		36F2B72E1A9D046A007D8896 /* LaunchScreen.xib */ = {
			isa = PBXVariantGroup;
			children = (
				36F2B72F1A9D046A007D8896 /* Base */,
			);
			name = LaunchScreen.xib;
			sourceTree = "<group>";
		};
/* End PBXVariantGroup section */

/* Begin XCBuildConfiguration section */
		36F2B73D1A9D046A007D8896 /* Debug */ = {
			isa = XCBuildConfiguration;
			buildSettings = {
				ALWAYS_SEARCH_USER_PATHS = NO;
				CLANG_CXX_LANGUAGE_STANDARD = "gnu++0x";
				CLANG_CXX_LIBRARY = "libc++";
				CLANG_ENABLE_MODULES = YES;
				CLANG_ENABLE_OBJC_ARC = YES;
				CLANG_WARN_BOOL_CONVERSION = YES;
				CLANG_WARN_CONSTANT_CONVERSION = YES;
				CLANG_WARN_DIRECT_OBJC_ISA_USAGE = YES_ERROR;
				CLANG_WARN_EMPTY_BODY = YES;
				CLANG_WARN_ENUM_CONVERSION = YES;
				CLANG_WARN_INT_CONVERSION = YES;
				CLANG_WARN_OBJC_ROOT_CLASS = YES_ERROR;
				CLANG_WARN_UNREACHABLE_CODE = YES;
				CLANG_WARN__DUPLICATE_METHOD_MATCH = YES;
				"CODE_SIGN_IDENTITY[sdk=iphoneos*]" = "iPhone Developer";
				COPY_PHASE_STRIP = NO;
				ENABLE_STRICT_OBJC_MSGSEND = YES;
				GCC_C_LANGUAGE_STANDARD = gnu99;
				GCC_DYNAMIC_NO_PIC = NO;
				GCC_OPTIMIZATION_LEVEL = 0;
				GCC_PREPROCESSOR_DEFINITIONS = (
					"DEBUG=1",
					"$(inherited)",
				);
				GCC_SYMBOLS_PRIVATE_EXTERN = NO;
				GCC_WARN_64_TO_32_BIT_CONVERSION = YES;
				GCC_WARN_ABOUT_RETURN_TYPE = YES_ERROR;
				GCC_WARN_UNDECLARED_SELECTOR = YES;
				GCC_WARN_UNINITIALIZED_AUTOS = YES_AGGRESSIVE;
				GCC_WARN_UNUSED_FUNCTION = YES;
				GCC_WARN_UNUSED_VARIABLE = YES;
				IPHONEOS_DEPLOYMENT_TARGET = 8.1;
				MTL_ENABLE_DEBUG_INFO = YES;
				ONLY_ACTIVE_ARCH = YES;
				SDKROOT = iphoneos;
			};
			name = Debug;
		};
		36F2B73E1A9D046A007D8896 /* Release */ = {
			isa = XCBuildConfiguration;
			buildSettings = {
				ALWAYS_SEARCH_USER_PATHS = NO;
				CLANG_CXX_LANGUAGE_STANDARD = "gnu++0x";
				CLANG_CXX_LIBRARY = "libc++";
				CLANG_ENABLE_MODULES = YES;
				CLANG_ENABLE_OBJC_ARC = YES;
				CLANG_WARN_BOOL_CONVERSION = YES;
				CLANG_WARN_CONSTANT_CONVERSION = YES;
				CLANG_WARN_DIRECT_OBJC_ISA_USAGE = YES_ERROR;
				CLANG_WARN_EMPTY_BODY = YES;
				CLANG_WARN_ENUM_CONVERSION = YES;
				CLANG_WARN_INT_CONVERSION = YES;
				CLANG_WARN_OBJC_ROOT_CLASS = YES_ERROR;
				CLANG_WARN_UNREACHABLE_CODE = YES;
				CLANG_WARN__DUPLICATE_METHOD_MATCH = YES;
				"CODE_SIGN_IDENTITY[sdk=iphoneos*]" = "iPhone Developer";
				COPY_PHASE_STRIP = YES;
				ENABLE_NS_ASSERTIONS = NO;
				ENABLE_STRICT_OBJC_MSGSEND = YES;
				GCC_C_LANGUAGE_STANDARD = gnu99;
				GCC_WARN_64_TO_32_BIT_CONVERSION = YES;
				GCC_WARN_ABOUT_RETURN_TYPE = YES_ERROR;
				GCC_WARN_UNDECLARED_SELECTOR = YES;
				GCC_WARN_UNINITIALIZED_AUTOS = YES_AGGRESSIVE;
				GCC_WARN_UNUSED_FUNCTION = YES;
				GCC_WARN_UNUSED_VARIABLE = YES;
				IPHONEOS_DEPLOYMENT_TARGET = 8.1;
				MTL_ENABLE_DEBUG_INFO = NO;
				SDKROOT = iphoneos;
				VALIDATE_PRODUCT = YES;
			};
			name = Release;
		};
		36F2B7401A9D046A007D8896 /* Debug */ = {
			isa = XCBuildConfiguration;
			buildSettings = {
				ASSETCATALOG_COMPILER_APPICON_NAME = AppIcon;
				INFOPLIST_FILE = BumperButtonIOS/Info.plist;
				LD_RUNPATH_SEARCH_PATHS = "$(inherited) @executable_path/Frameworks";
				PRODUCT_NAME = "$(TARGET_NAME)";
			};
			name = Debug;
		};
		36F2B7411A9D046A007D8896 /* Release */ = {
			isa = XCBuildConfiguration;
			buildSettings = {
				ASSETCATALOG_COMPILER_APPICON_NAME = AppIcon;
				INFOPLIST_FILE = BumperButtonIOS/Info.plist;
				LD_RUNPATH_SEARCH_PATHS = "$(inherited) @executable_path/Frameworks";
				PRODUCT_NAME = "$(TARGET_NAME)";
			};
			name = Release;
		};
		36F2B7431A9D046A007D8896 /* Debug */ = {
			isa = XCBuildConfiguration;
			buildSettings = {
				BUNDLE_LOADER = "$(TEST_HOST)";
				FRAMEWORK_SEARCH_PATHS = (
					"$(SDKROOT)/Developer/Library/Frameworks",
					"$(inherited)",
				);
				GCC_PREPROCESSOR_DEFINITIONS = (
					"DEBUG=1",
					"$(inherited)",
				);
				INFOPLIST_FILE = BumperButtonIOSTests/Info.plist;
				LD_RUNPATH_SEARCH_PATHS = "$(inherited) @executable_path/Frameworks @loader_path/Frameworks";
				PRODUCT_NAME = "$(TARGET_NAME)";
				TEST_HOST = "$(BUILT_PRODUCTS_DIR)/BumperButtonIOS.app/BumperButtonIOS";
			};
			name = Debug;
		};
		36F2B7441A9D046A007D8896 /* Release */ = {
			isa = XCBuildConfiguration;
			buildSettings = {
				BUNDLE_LOADER = "$(TEST_HOST)";
				FRAMEWORK_SEARCH_PATHS = (
					"$(SDKROOT)/Developer/Library/Frameworks",
					"$(inherited)",
				);
				INFOPLIST_FILE = BumperButtonIOSTests/Info.plist;
				LD_RUNPATH_SEARCH_PATHS = "$(inherited) @executable_path/Frameworks @loader_path/Frameworks";
				PRODUCT_NAME = "$(TARGET_NAME)";
				TEST_HOST = "$(BUILT_PRODUCTS_DIR)/BumperButtonIOS.app/BumperButtonIOS";
			};
			name = Release;
		};
/* End XCBuildConfiguration section */

/* Begin XCConfigurationList section */
		36F2B7121A9D0469007D8896 /* Build configuration list for PBXProject "BumperButtonIOS" */ = {
			isa = XCConfigurationList;
			buildConfigurations = (
				36F2B73D1A9D046A007D8896 /* Debug */,
				36F2B73E1A9D046A007D8896 /* Release */,
			);
			defaultConfigurationIsVisible = 0;
			defaultConfigurationName = Release;
		};
		36F2B73F1A9D046A007D8896 /* Build configuration list for PBXNativeTarget "BumperButtonIOS" */ = {
			isa = XCConfigurationList;
			buildConfigurations = (
				36F2B7401A9D046A007D8896 /* Debug */,
				36F2B7411A9D046A007D8896 /* Release */,
			);
			defaultConfigurationIsVisible = 0;
		};
		36F2B7421A9D046A007D8896 /* Build configuration list for PBXNativeTarget "BumperButtonIOSTests" */ = {
			isa = XCConfigurationList;
			buildConfigurations = (
				36F2B7431A9D046A007D8896 /* Debug */,
				36F2B7441A9D046A007D8896 /* Release */,
			);
			defaultConfigurationIsVisible = 0;
		};
/* End XCConfigurationList section */
	};
	rootObject = 36F2B70F1A9D0469007D8896 /* Project object */;
}
